# This file is automatically @generated by Cargo.
# It is not intended for manual editing.
[[package]]
name = "autocfg"
version = "1.0.0"
source = "registry+https://github.com/rust-lang/crates.io-index"
checksum = "f8aac770f1885fd7e387acedd76065302551364496e46b3dd00860b2f8359b9d"

[[package]]
name = "cc"
version = "1.0.58"
source = "registry+https://github.com/rust-lang/crates.io-index"
checksum = "f9a06fb2e53271d7c279ec1efea6ab691c35a2ae67ec0d91d7acec0caf13b518"

[[package]]
name = "hashbrown_tstd"
version = "0.7.1"
dependencies = [
 "autocfg",
]

[[package]]
name = "isded"
version = "1.0.0"
dependencies = [
 "lazy_static",
 "libc",
 "sgx_tcrypto",
 "sgx_tprotected_fs",
 "sgx_tstd",
 "sgx_types",
]

[[package]]
name = "lazy_static"
version = "1.4.0"
source = "registry+https://github.com/rust-lang/crates.io-index"
checksum = "e2abad23fbc42b3700f2f279844dc832adb2b2eb069b2df918f455c4e18cc646"
dependencies = [
 "spin",
]

[[package]]
name = "libc"
version = "0.2.66"
source = "git+https://github.com/mesalock-linux/libc-sgx#b718c0bdf0cf197645595867e06915811fcda207"

[[package]]
name = "sgx_alloc"
version = "1.1.2"

[[package]]
name = "sgx_backtrace_sys"
version = "1.1.2"
dependencies = [
 "cc",
 "sgx_build_helper",
 "sgx_libc",
]

[[package]]
name = "sgx_build_helper"
version = "0.1.3"

[[package]]
name = "sgx_demangle"
version = "1.1.2"

[[package]]
name = "sgx_libc"
version = "1.1.2"
dependencies = [
 "sgx_types",
]

[[package]]
name = "sgx_tcrypto"
version = "1.1.2"
dependencies = [
 "sgx_types",
]

[[package]]
name = "sgx_tprotected_fs"
version = "1.1.2"
dependencies = [
 "sgx_trts",
 "sgx_types",
]

[[package]]
name = "sgx_trts"
version = "1.1.2"
dependencies = [
 "sgx_libc",
 "sgx_types",
]

[[package]]
name = "sgx_tstd"
version = "1.1.2"
dependencies = [
 "hashbrown_tstd",
 "sgx_alloc",
 "sgx_backtrace_sys",
 "sgx_demangle",
 "sgx_libc",
 "sgx_tprotected_fs",
 "sgx_trts",
 "sgx_types",
 "sgx_unwind",
]

[[package]]
name = "sgx_types"
version = "1.1.2"

[[package]]
name = "sgx_unwind"
version = "0.1.1"
dependencies = [
 "sgx_build_helper",
]

[[package]]
name = "spin"
version = "0.5.2"
source = "registry+https://github.com/rust-lang/crates.io-index"
checksum = "6e63cff320ae2c57904679ba7cb63280a3dc4613885beafb148ee7bf9aa9042d"
